{
  "name": "UrbanEden",
  "lockfileVersion": 3,
  "requires": true,
  "packages": {
    "": {
      "dependencies": {
        "bootstrap": "^3.4.1",
        "gridstack": "^10.1.1"
      }
    },
    "node_modules/bootstrap": {
      "version": "3.4.1",
      "resolved": "https://registry.npmjs.org/bootstrap/-/bootstrap-3.4.1.tgz",
      "integrity": "sha512-yN5oZVmRCwe5aKwzRj6736nSmKDX7pLYwsXiCj/EYmo16hODaBiT4En5btW/jhBF/seV+XMx3aYwukYC3A49DA==",
      "engines": {
        "node": ">=6"
      }
    },
    "node_modules/gridstack": {
      "version": "10.1.1",
      "resolved": "https://registry.npmjs.org/gridstack/-/gridstack-10.1.1.tgz",
      "integrity": "sha512-pUd+5Bz8KJr/O4JrjKjGoVHAPOB4G+aW3xOM8xK7FZj6msEsbELcAxKFCwm3irjjd4zglE1jdaEPp7b2TObg9w==",
      "funding": [
        {
          "type": "paypal",
          "url": "https://www.paypal.me/alaind831"
        },
        {
          "type": "venmo",
          "url": "https://www.venmo.com/adumesny"
        }
      ]
    }
  }
}
